PODS:
  - IQKeyboardManager (6.0.2)
  - ReactiveObjC (2.1.2)
  - SDAutoLayout (2.2.0)
  - SDWebImage (4.3.3):
    - SDWebImage/Core (= 4.3.3)
  - SDWebImage/Core (4.3.3)
  - SVProgressHUD (2.2.5)
  - UMCCommon (1.5.0)
  - UMCSecurityPlugins (1.0.6)
  - UMCShare/Core (6.9.1):
    - UMCCommon
  - UMCShare/Social/Facebook (6.9.1):
    - UMCCommon
    - UMCShare/Core
  - UMCShare/Social/Twitter (6.9.1):
    - UMCCommon
    - UMCShare/Core
  - UMCShare/UI (6.9.1):
    - UMCCommon
    - UMCShare/Core

DEPENDENCIES:
  - IQKeyboardManager
  - ReactiveObjC (~> 2.1.0)
  - SDAutoLayout
  - SDWebImage
  - SVProgressHUD
  - UMCCommon
  - UMCSecurityPlugins
  - UMCShare/Social/Facebook
  - UMCShare/Social/Twitter
  - UMCShare/UI

SPEC CHECKSUMS:
  IQKeyboardManager: c49d59e358aeeffaa0280aa305093c2b194d2607
  ReactiveObjC: 7b6782ae39f9ac0f57205c3b0c0b69b9dd7048c0
  SDAutoLayout: c5509e77ae75735d9a39f7bc83dba6d3f75d49d8
  SDWebImage: de4d90b5bff3571eae7bd16202b1f43135409fa5
  SVProgressHUD: 1428aafac632c1f86f62aa4243ec12008d7a51d6
  UMCCommon: 82d21f4bb9532a5472cc533bbd8ed48aff376a14
  UMCSecurityPlugins: 0831a08f3988f3cea9f1d3a7626cd9bee4fef150
  UMCShare: f8be567946c3aa68deefd03b0ffaa0710a3b07ea

PODFILE CHECKSUM: fe586df75f4d1ccbd0dac6ef9e275d4a1e6571d0

COCOAPODS: 1.4.0
